
Microsoft Visual Studio Solution File, Format Version 12.00
# Visual Studio Version 17
VisualStudioVersion = 17.6.33723.286
MinimumVisualStudioVersion = 10.0.40219.1
Project("{FAE04EC0-301F-11D3-BF4B-00C04F79EFBC}") = "BL", "BL\BL.csproj", "{FA5AFE8D-2A71-41C0-9D29-EF1C76D1E500}"
EndProject
Project("{FAE04EC0-301F-11D3-BF4B-00C04F79EFBC}") = "ConsoleApp1", "ConsoleApp1\ConsoleApp1.csproj", "{E314CB38-9392-4757-BEAD-250C19192548}"
EndProject
Project("{FAE04EC0-301F-11D3-BF4B-00C04F79EFBC}") = "DL", "DL\DL.csproj", "{2D7C0EF7-A228-4B2E-80F3-BA9267D56D98}"
EndProject
Project("{FAE04EC0-301F-11D3-BF4B-00C04F79EFBC}") = "ML", "ML\ML.csproj", "{FF858BFA-3309-49F2-86E0-A347D35507EE}"
EndProject
Project("{FAE04EC0-301F-11D3-BF4B-00C04F79EFBC}") = "PL", "PL\PL.csproj", "{3265889F-82B2-42C4-B316-1B12EF48EBCA}"
EndProject
Global
	GlobalSection(SolutionConfigurationPlatforms) = preSolution
		Debug|Any CPU = Debug|Any CPU
		Release|Any CPU = Release|Any CPU
	EndGlobalSection
	GlobalSection(ProjectConfigurationPlatforms) = postSolution
		{FA5AFE8D-2A71-41C0-9D29-EF1C76D1E500}.Debug|Any CPU.ActiveCfg = Debug|Any CPU
		{FA5AFE8D-2A71-41C0-9D29-EF1C76D1E500}.Debug|Any CPU.Build.0 = Debug|Any CPU
		{FA5AFE8D-2A71-41C0-9D29-EF1C76D1E500}.Release|Any CPU.ActiveCfg = Release|Any CPU
		{FA5AFE8D-2A71-41C0-9D29-EF1C76D1E500}.Release|Any CPU.Build.0 = Release|Any CPU
		{E314CB38-9392-4757-BEAD-250C19192548}.Debug|Any CPU.ActiveCfg = Debug|Any CPU
		{E314CB38-9392-4757-BEAD-250C19192548}.Debug|Any CPU.Build.0 = Debug|Any CPU
		{E314CB38-9392-4757-BEAD-250C19192548}.Release|Any CPU.ActiveCfg = Release|Any CPU
		{E314CB38-9392-4757-BEAD-250C19192548}.Release|Any CPU.Build.0 = Release|Any CPU
		{2D7C0EF7-A228-4B2E-80F3-BA9267D56D98}.Debug|Any CPU.ActiveCfg = Debug|Any CPU
		{2D7C0EF7-A228-4B2E-80F3-BA9267D56D98}.Debug|Any CPU.Build.0 = Debug|Any CPU
		{2D7C0EF7-A228-4B2E-80F3-BA9267D56D98}.Release|Any CPU.ActiveCfg = Release|Any CPU
		{2D7C0EF7-A228-4B2E-80F3-BA9267D56D98}.Release|Any CPU.Build.0 = Release|Any CPU
		{FF858BFA-3309-49F2-86E0-A347D35507EE}.Debug|Any CPU.ActiveCfg = Debug|Any CPU
		{FF858BFA-3309-49F2-86E0-A347D35507EE}.Debug|Any CPU.Build.0 = Debug|Any CPU
		{FF858BFA-3309-49F2-86E0-A347D35507EE}.Release|Any CPU.ActiveCfg = Release|Any CPU
		{FF858BFA-3309-49F2-86E0-A347D35507EE}.Release|Any CPU.Build.0 = Release|Any CPU
		{3265889F-82B2-42C4-B316-1B12EF48EBCA}.Debug|Any CPU.ActiveCfg = Debug|Any CPU
		{3265889F-82B2-42C4-B316-1B12EF48EBCA}.Debug|Any CPU.Build.0 = Debug|Any CPU
		{3265889F-82B2-42C4-B316-1B12EF48EBCA}.Release|Any CPU.ActiveCfg = Release|Any CPU
		{3265889F-82B2-42C4-B316-1B12EF48EBCA}.Release|Any CPU.Build.0 = Release|Any CPU
	EndGlobalSection
	GlobalSection(SolutionProperties) = preSolution
		HideSolutionNode = FALSE
	EndGlobalSection
	GlobalSection(ExtensibilityGlobals) = postSolution
		SolutionGuid = {C1347265-CA85-4DBB-8E10-EC17536F1C4C}
	EndGlobalSection
EndGlobal
